// !$*UTF8*$!
{
	archiveVersion = 1;
	classes = {
	};
	objectVersion = 55;
	objects = {

/* Begin PBXBuildFile section */
		6D0D1B3C277CD2340052ADD2 /* TabContainerView.swift in Sources */ = {isa = PBXBuildFile; fileRef = 6D0D1B3B277CD2340052ADD2 /* TabContainerView.swift */; };
		6D0D1B3E277CD7990052ADD2 /* ChallengeListView.swift in Sources */ = {isa = PBXBuildFile; fileRef = 6D0D1B3D277CD7990052ADD2 /* ChallengeListView.swift */; };
		6D0D1B40277CD7A80052ADD2 /* ChallengeListViewModel.swift in Sources */ = {isa = PBXBuildFile; fileRef = 6D0D1B3F277CD7A80052ADD2 /* ChallengeListViewModel.swift */; };
		6D0D1B42277CD88A0052ADD2 /* QuerySnapshotPublisher.swift in Sources */ = {isa = PBXBuildFile; fileRef = 6D0D1B41277CD88A0052ADD2 /* QuerySnapshotPublisher.swift */; };
		6D162505277B7FF700154D89 /* Challenge.swift in Sources */ = {isa = PBXBuildFile; fileRef = 6D162504277B7FF700154D89 /* Challenge.swift */; };
		6D162507277B80AC00154D89 /* ChallengeService.swift in Sources */ = {isa = PBXBuildFile; fileRef = 6D162506277B80AC00154D89 /* ChallengeService.swift */; };
		6D162509277B855200154D89 /* IncrementError.swift in Sources */ = {isa = PBXBuildFile; fileRef = 6D162508277B855200154D89 /* IncrementError.swift */; };
		6D16250C277B8BEF00154D89 /* AuthPublisher.swift in Sources */ = {isa = PBXBuildFile; fileRef = 6D16250B277B8BEF00154D89 /* AuthPublisher.swift */; };
		6D380A162776449100E7E22C /* CreateChallengeViewModel.swift in Sources */ = {isa = PBXBuildFile; fileRef = 6D380A152776449100E7E22C /* CreateChallengeViewModel.swift */; };
		6D380A182776453000E7E22C /* DropdownItemProtocol.swift in Sources */ = {isa = PBXBuildFile; fileRef = 6D380A172776453000E7E22C /* DropdownItemProtocol.swift */; };
		6D5A333D2774F5CF0087DC86 /* PrimaryButtonStyle.swift in Sources */ = {isa = PBXBuildFile; fileRef = 6D5A333C2774F5CF0087DC86 /* PrimaryButtonStyle.swift */; };
		6D5A333F2774F6EE0087DC86 /* Color+Extension.swift in Sources */ = {isa = PBXBuildFile; fileRef = 6D5A333E2774F6EE0087DC86 /* Color+Extension.swift */; };
		6D5A33412774FDE90087DC86 /* CreateView.swift in Sources */ = {isa = PBXBuildFile; fileRef = 6D5A33402774FDE90087DC86 /* CreateView.swift */; };
		6D5A33432774FE290087DC86 /* DropdownView.swift in Sources */ = {isa = PBXBuildFile; fileRef = 6D5A33422774FE290087DC86 /* DropdownView.swift */; };
		6D5A33452775020B0087DC86 /* RemindView.swift in Sources */ = {isa = PBXBuildFile; fileRef = 6D5A33442775020B0087DC86 /* RemindView.swift */; };
		6DA650F0278CA922008C7033 /* ChallengeItemViewModel.swift in Sources */ = {isa = PBXBuildFile; fileRef = 6DA650EF278CA922008C7033 /* ChallengeItemViewModel.swift */; };
		6DA650F2278CA956008C7033 /* LandingViewModel.swift in Sources */ = {isa = PBXBuildFile; fileRef = 6DA650F1278CA956008C7033 /* LandingViewModel.swift */; };
		6DA650F4278CA974008C7033 /* LoginSignUpViewModel.swift in Sources */ = {isa = PBXBuildFile; fileRef = 6DA650F3278CA974008C7033 /* LoginSignUpViewModel.swift */; };
		6DA650F6278CA998008C7033 /* ProgressCircleViewModel.swift in Sources */ = {isa = PBXBuildFile; fileRef = 6DA650F5278CA998008C7033 /* ProgressCircleViewModel.swift */; };
		6DA650F8278CA9B3008C7033 /* SettingItemViewModel.swift in Sources */ = {isa = PBXBuildFile; fileRef = 6DA650F7278CA9B3008C7033 /* SettingItemViewModel.swift */; };
		6DA650FA278CA9D3008C7033 /* SettingsViewModel.swift in Sources */ = {isa = PBXBuildFile; fileRef = 6DA650F9278CA9D3008C7033 /* SettingsViewModel.swift */; };
		6DA650FD278CAA77008C7033 /* ChallengeItemView.swift in Sources */ = {isa = PBXBuildFile; fileRef = 6DA650FC278CAA77008C7033 /* ChallengeItemView.swift */; };
		6DA650FF278CAADF008C7033 /* LoginSignupView.swift in Sources */ = {isa = PBXBuildFile; fileRef = 6DA650FE278CAADF008C7033 /* LoginSignupView.swift */; };
		6DA65101278CAB08008C7033 /* ProgressCircleView.swift in Sources */ = {isa = PBXBuildFile; fileRef = 6DA65100278CAB08008C7033 /* ProgressCircleView.swift */; };
		6DA65103278CAB5E008C7033 /* SettingsView.swift in Sources */ = {isa = PBXBuildFile; fileRef = 6DA65102278CAB5E008C7033 /* SettingsView.swift */; };
		6DA65108278CAD72008C7033 /* TextFieldCustomRoundedStyle.swift in Sources */ = {isa = PBXBuildFile; fileRef = 6DA65107278CAD72008C7033 /* TextFieldCustomRoundedStyle.swift */; };
		6DC7FB662774EF9C006F6BB6 /* FitnessAppApp.swift in Sources */ = {isa = PBXBuildFile; fileRef = 6DC7FB652774EF9C006F6BB6 /* FitnessAppApp.swift */; };
		6DC7FB682774EF9C006F6BB6 /* LandingView.swift in Sources */ = {isa = PBXBuildFile; fileRef = 6DC7FB672774EF9C006F6BB6 /* LandingView.swift */; };
		6DC7FB6A2774EF9D006F6BB6 /* Assets.xcassets in Resources */ = {isa = PBXBuildFile; fileRef = 6DC7FB692774EF9D006F6BB6 /* Assets.xcassets */; };
		6DC7FB6D2774EF9D006F6BB6 /* Preview Assets.xcassets in Resources */ = {isa = PBXBuildFile; fileRef = 6DC7FB6C2774EF9D006F6BB6 /* Preview Assets.xcassets */; };
		6DCA36F1277A3C760074974F /* GoogleService-Info.plist in Resources */ = {isa = PBXBuildFile; fileRef = 6DCA36F0277A3C760074974F /* GoogleService-Info.plist */; };
		6DCA36F4277A3E2A0074974F /* FirebaseAnalytics in Frameworks */ = {isa = PBXBuildFile; productRef = 6DCA36F3277A3E2A0074974F /* FirebaseAnalytics */; };
		6DCA36F6277A3E2A0074974F /* FirebaseAuth in Frameworks */ = {isa = PBXBuildFile; productRef = 6DCA36F5277A3E2A0074974F /* FirebaseAuth */; };
		6DCA36F8277A3E2A0074974F /* FirebaseFirestore in Frameworks */ = {isa = PBXBuildFile; productRef = 6DCA36F7277A3E2A0074974F /* FirebaseFirestore */; };
		6DCA36FA277A3E2A0074974F /* FirebaseFirestoreSwift-Beta in Frameworks */ = {isa = PBXBuildFile; productRef = 6DCA36F9277A3E2A0074974F /* FirebaseFirestoreSwift-Beta */; };
		6DCA36FD277A43AD0074974F /* UserService.swift in Sources */ = {isa = PBXBuildFile; fileRef = 6DCA36FC277A43AD0074974F /* UserService.swift */; };
/* End PBXBuildFile section */

/* Begin PBXFileReference section */
		6D0D1B3B277CD2340052ADD2 /* TabContainerView.swift */ = {isa = PBXFileReference; lastKnownFileType = sourcecode.swift; path = TabContainerView.swift; sourceTree = "<group>"; };
		6D0D1B3D277CD7990052ADD2 /* ChallengeListView.swift */ = {isa = PBXFileReference; lastKnownFileType = sourcecode.swift; path = ChallengeListView.swift; sourceTree = "<group>"; };
		6D0D1B3F277CD7A80052ADD2 /* ChallengeListViewModel.swift */ = {isa = PBXFileReference; lastKnownFileType = sourcecode.swift; path = ChallengeListViewModel.swift; sourceTree = "<group>"; };
		6D0D1B41277CD88A0052ADD2 /* QuerySnapshotPublisher.swift */ = {isa = PBXFileReference; lastKnownFileType = sourcecode.swift; path = QuerySnapshotPublisher.swift; sourceTree = "<group>"; };
		6D162504277B7FF700154D89 /* Challenge.swift */ = {isa = PBXFileReference; lastKnownFileType = sourcecode.swift; path = Challenge.swift; sourceTree = "<group>"; };
		6D162506277B80AC00154D89 /* ChallengeService.swift */ = {isa = PBXFileReference; lastKnownFileType = sourcecode.swift; path = ChallengeService.swift; sourceTree = "<group>"; };
		6D162508277B855200154D89 /* IncrementError.swift */ = {isa = PBXFileReference; lastKnownFileType = sourcecode.swift; path = IncrementError.swift; sourceTree = "<group>"; };
		6D16250B277B8BEF00154D89 /* AuthPublisher.swift */ = {isa = PBXFileReference; lastKnownFileType = sourcecode.swift; path = AuthPublisher.swift; sourceTree = "<group>"; };
		6D380A152776449100E7E22C /* CreateChallengeViewModel.swift */ = {isa = PBXFileReference; lastKnownFileType = sourcecode.swift; path = CreateChallengeViewModel.swift; sourceTree = "<group>"; };
		6D380A172776453000E7E22C /* DropdownItemProtocol.swift */ = {isa = PBXFileReference; lastKnownFileType = sourcecode.swift; path = DropdownItemProtocol.swift; sourceTree = "<group>"; };
		6D5A333C2774F5CF0087DC86 /* PrimaryButtonStyle.swift */ = {isa = PBXFileReference; lastKnownFileType = sourcecode.swift; path = PrimaryButtonStyle.swift; sourceTree = "<group>"; };
		6D5A333E2774F6EE0087DC86 /* Color+Extension.swift */ = {isa = PBXFileReference; lastKnownFileType = sourcecode.swift; path = "Color+Extension.swift"; sourceTree = "<group>"; };
		6D5A33402774FDE90087DC86 /* CreateView.swift */ = {isa = PBXFileReference; lastKnownFileType = sourcecode.swift; path = CreateView.swift; sourceTree = "<group>"; };
		6D5A33422774FE290087DC86 /* DropdownView.swift */ = {isa = PBXFileReference; lastKnownFileType = sourcecode.swift; path = DropdownView.swift; sourceTree = "<group>"; };
		6D5A33442775020B0087DC86 /* RemindView.swift */ = {isa = PBXFileReference; lastKnownFileType = sourcecode.swift; path = RemindView.swift; sourceTree = "<group>"; };
		6DA650EF278CA922008C7033 /* ChallengeItemViewModel.swift */ = {isa = PBXFileReference; lastKnownFileType = sourcecode.swift; path = ChallengeItemViewModel.swift; sourceTree = "<group>"; };
		6DA650F1278CA956008C7033 /* LandingViewModel.swift */ = {isa = PBXFileReference; lastKnownFileType = sourcecode.swift; path = LandingViewModel.swift; sourceTree = "<group>"; };
		6DA650F3278CA974008C7033 /* LoginSignUpViewModel.swift */ = {isa = PBXFileReference; lastKnownFileType = sourcecode.swift; path = LoginSignUpViewModel.swift; sourceTree = "<group>"; };
		6DA650F5278CA998008C7033 /* ProgressCircleViewModel.swift */ = {isa = PBXFileReference; lastKnownFileType = sourcecode.swift; path = ProgressCircleViewModel.swift; sourceTree = "<group>"; };
		6DA650F7278CA9B3008C7033 /* SettingItemViewModel.swift */ = {isa = PBXFileReference; lastKnownFileType = sourcecode.swift; path = SettingItemViewModel.swift; sourceTree = "<group>"; };
		6DA650F9278CA9D3008C7033 /* SettingsViewModel.swift */ = {isa = PBXFileReference; lastKnownFileType = sourcecode.swift; path = SettingsViewModel.swift; sourceTree = "<group>"; };
		6DA650FC278CAA77008C7033 /* ChallengeItemView.swift */ = {isa = PBXFileReference; lastKnownFileType = sourcecode.swift; path = ChallengeItemView.swift; sourceTree = "<group>"; };
		6DA650FE278CAADF008C7033 /* LoginSignupView.swift */ = {isa = PBXFileReference; lastKnownFileType = sourcecode.swift; path = LoginSignupView.swift; sourceTree = "<group>"; };
		6DA65100278CAB08008C7033 /* ProgressCircleView.swift */ = {isa = PBXFileReference; lastKnownFileType = sourcecode.swift; path = ProgressCircleView.swift; sourceTree = "<group>"; };
		6DA65102278CAB5E008C7033 /* SettingsView.swift */ = {isa = PBXFileReference; lastKnownFileType = sourcecode.swift; path = SettingsView.swift; sourceTree = "<group>"; };
		6DA65107278CAD72008C7033 /* TextFieldCustomRoundedStyle.swift */ = {isa = PBXFileReference; lastKnownFileType = sourcecode.swift; path = TextFieldCustomRoundedStyle.swift; sourceTree = "<group>"; };
		6DC7FB622774EF9C006F6BB6 /* FitnessApp.app */ = {isa = PBXFileReference; explicitFileType = wrapper.application; includeInIndex = 0; path = FitnessApp.app; sourceTree = BUILT_PRODUCTS_DIR; };
		6DC7FB652774EF9C006F6BB6 /* FitnessAppApp.swift */ = {isa = PBXFileReference; lastKnownFileType = sourcecode.swift; path = FitnessAppApp.swift; sourceTree = "<group>"; };
		6DC7FB672774EF9C006F6BB6 /* LandingView.swift */ = {isa = PBXFileReference; lastKnownFileType = sourcecode.swift; path = LandingView.swift; sourceTree = "<group>"; };
		6DC7FB692774EF9D006F6BB6 /* Assets.xcassets */ = {isa = PBXFileReference; lastKnownFileType = folder.assetcatalog; path = Assets.xcassets; sourceTree = "<group>"; };
		6DC7FB6C2774EF9D006F6BB6 /* Preview Assets.xcassets */ = {isa = PBXFileReference; lastKnownFileType = folder.assetcatalog; path = "Preview Assets.xcassets"; sourceTree = "<group>"; };
		6DCA36F0277A3C760074974F /* GoogleService-Info.plist */ = {isa = PBXFileReference; fileEncoding = 4; lastKnownFileType = text.plist.xml; path = "GoogleService-Info.plist"; sourceTree = "<group>"; };
		6DCA36FC277A43AD0074974F /* UserService.swift */ = {isa = PBXFileReference; lastKnownFileType = sourcecode.swift; path = UserService.swift; sourceTree = "<group>"; };
/* End PBXFileReference section */

/* Begin PBXFrameworksBuildPhase section */
		6DC7FB5F2774EF9C006F6BB6 /* Frameworks */ = {
			isa = PBXFrameworksBuildPhase;
			buildActionMask = 2147483647;
			files = (
				6DCA36F4277A3E2A0074974F /* FirebaseAnalytics in Frameworks */,
				6DCA36FA277A3E2A0074974F /* FirebaseFirestoreSwift-Beta in Frameworks */,
				6DCA36F6277A3E2A0074974F /* FirebaseAuth in Frameworks */,
				6DCA36F8277A3E2A0074974F /* FirebaseFirestore in Frameworks */,
			);
			runOnlyForDeploymentPostprocessing = 0;
		};
/* End PBXFrameworksBuildPhase section */

/* Begin PBXGroup section */
		6D162503277B7FE700154D89 /* Models */ = {
			isa = PBXGroup;
			children = (
				6D162504277B7FF700154D89 /* Challenge.swift */,
			);
			path = Models;
			sourceTree = "<group>";
		};
		6D16250A277B8BDB00154D89 /* Publishers */ = {
			isa = PBXGroup;
			children = (
				6D16250B277B8BEF00154D89 /* AuthPublisher.swift */,
				6D0D1B41277CD88A0052ADD2 /* QuerySnapshotPublisher.swift */,
			);
			path = Publishers;
			sourceTree = "<group>";
		};
		6D380A142776447D00E7E22C /* ViewModel */ = {
			isa = PBXGroup;
			children = (
				6DA650EF278CA922008C7033 /* ChallengeItemViewModel.swift */,
				6D0D1B3F277CD7A80052ADD2 /* ChallengeListViewModel.swift */,
				6D380A152776449100E7E22C /* CreateChallengeViewModel.swift */,
				6D380A172776453000E7E22C /* DropdownItemProtocol.swift */,
				6DA650F1278CA956008C7033 /* LandingViewModel.swift */,
				6DA650F3278CA974008C7033 /* LoginSignUpViewModel.swift */,
				6DA650F5278CA998008C7033 /* ProgressCircleViewModel.swift */,
				6DA650F7278CA9B3008C7033 /* SettingItemViewModel.swift */,
				6DA650F9278CA9D3008C7033 /* SettingsViewModel.swift */,
			);
			path = ViewModel;
			sourceTree = "<group>";
		};
		6DA650FB278CAA15008C7033 /* Views */ = {
			isa = PBXGroup;
			children = (
				6DA650FC278CAA77008C7033 /* ChallengeItemView.swift */,
				6D0D1B3D277CD7990052ADD2 /* ChallengeListView.swift */,
				6D5A33402774FDE90087DC86 /* CreateView.swift */,
				6D5A33422774FE290087DC86 /* DropdownView.swift */,
				6DC7FB672774EF9C006F6BB6 /* LandingView.swift */,
				6DA650FE278CAADF008C7033 /* LoginSignupView.swift */,
				6D5A333C2774F5CF0087DC86 /* PrimaryButtonStyle.swift */,
				6DA65100278CAB08008C7033 /* ProgressCircleView.swift */,
				6D5A33442775020B0087DC86 /* RemindView.swift */,
				6DA65102278CAB5E008C7033 /* SettingsView.swift */,
				6D0D1B3B277CD2340052ADD2 /* TabContainerView.swift */,
			);
			path = Views;
			sourceTree = "<group>";
		};
		6DA65104278CACDF008C7033 /* Errors */ = {
			isa = PBXGroup;
			children = (
				6D162508277B855200154D89 /* IncrementError.swift */,
			);
			path = Errors;
			sourceTree = "<group>";
		};
		6DA65105278CAD10008C7033 /* Extensions */ = {
			isa = PBXGroup;
			children = (
				6D5A333E2774F6EE0087DC86 /* Color+Extension.swift */,
			);
			path = Extensions;
			sourceTree = "<group>";
		};
		6DA65106278CAD5E008C7033 /* Modifiers */ = {
			isa = PBXGroup;
			children = (
				6DA65107278CAD72008C7033 /* TextFieldCustomRoundedStyle.swift */,
			);
			path = Modifiers;
			sourceTree = "<group>";
		};
		6DC7FB592774EF9C006F6BB6 = {
			isa = PBXGroup;
			children = (
				6DC7FB642774EF9C006F6BB6 /* FitnessApp */,
				6DC7FB632774EF9C006F6BB6 /* Products */,
			);
			sourceTree = "<group>";
		};
		6DC7FB632774EF9C006F6BB6 /* Products */ = {
			isa = PBXGroup;
			children = (
				6DC7FB622774EF9C006F6BB6 /* FitnessApp.app */,
			);
			name = Products;
			sourceTree = "<group>";
		};
		6DC7FB642774EF9C006F6BB6 /* FitnessApp */ = {
			isa = PBXGroup;
			children = (
				6DC7FB652774EF9C006F6BB6 /* FitnessAppApp.swift */,
				6DA65104278CACDF008C7033 /* Errors */,
				6DA65105278CAD10008C7033 /* Extensions */,
				6D162503277B7FE700154D89 /* Models */,
				6DA65106278CAD5E008C7033 /* Modifiers */,
				6D16250A277B8BDB00154D89 /* Publishers */,
				6DCA36FB277A439C0074974F /* Services */,
				6D380A142776447D00E7E22C /* ViewModel */,
				6DA650FB278CAA15008C7033 /* Views */,
				6DCA36F0277A3C760074974F /* GoogleService-Info.plist */,
				6DC7FB692774EF9D006F6BB6 /* Assets.xcassets */,
				6DC7FB6B2774EF9D006F6BB6 /* Preview Content */,
			);
			path = FitnessApp;
			sourceTree = "<group>";
		};
		6DC7FB6B2774EF9D006F6BB6 /* Preview Content */ = {
			isa = PBXGroup;
			children = (
				6DC7FB6C2774EF9D006F6BB6 /* Preview Assets.xcassets */,
			);
			path = "Preview Content";
			sourceTree = "<group>";
		};
		6DCA36FB277A439C0074974F /* Services */ = {
			isa = PBXGroup;
			children = (
				6DCA36FC277A43AD0074974F /* UserService.swift */,
				6D162506277B80AC00154D89 /* ChallengeService.swift */,
			);
			path = Services;
			sourceTree = "<group>";
		};
/* End PBXGroup section */

/* Begin PBXNativeTarget section */
		6DC7FB612774EF9C006F6BB6 /* FitnessApp */ = {
			isa = PBXNativeTarget;
			buildConfigurationList = 6DC7FB702774EF9D006F6BB6 /* Build configuration list for PBXNativeTarget "FitnessApp" */;
			buildPhases = (
				6DC7FB5E2774EF9C006F6BB6 /* Sources */,
				6DC7FB5F2774EF9C006F6BB6 /* Frameworks */,
				6DC7FB602774EF9C006F6BB6 /* Resources */,
			);
			buildRules = (
			);
			dependencies = (
			);
			name = FitnessApp;
			packageProductDependencies = (
				6DCA36F3277A3E2A0074974F /* FirebaseAnalytics */,
				6DCA36F5277A3E2A0074974F /* FirebaseAuth */,
				6DCA36F7277A3E2A0074974F /* FirebaseFirestore */,
				6DCA36F9277A3E2A0074974F /* FirebaseFirestoreSwift-Beta */,
			);
			productName = FitnessApp;
			productReference = 6DC7FB622774EF9C006F6BB6 /* FitnessApp.app */;
			productType = "com.apple.product-type.application";
		};
/* End PBXNativeTarget section */

/* Begin PBXProject section */
		6DC7FB5A2774EF9C006F6BB6 /* Project object */ = {
			isa = PBXProject;
			attributes = {
				BuildIndependentTargetsInParallel = 1;
				LastSwiftUpdateCheck = 1320;
				LastUpgradeCheck = 1320;
				TargetAttributes = {
					6DC7FB612774EF9C006F6BB6 = {
						CreatedOnToolsVersion = 13.2.1;
					};
				};
			};
			buildConfigurationList = 6DC7FB5D2774EF9C006F6BB6 /* Build configuration list for PBXProject "FitnessApp" */;
			compatibilityVersion = "Xcode 13.0";
			developmentRegion = en;
			hasScannedForEncodings = 0;
			knownRegions = (
				en,
				Base,
			);
			mainGroup = 6DC7FB592774EF9C006F6BB6;
			packageReferences = (
				6DCA36F2277A3E2A0074974F /* XCRemoteSwiftPackageReference "firebase-ios-sdk" */,
			);
			productRefGroup = 6DC7FB632774EF9C006F6BB6 /* Products */;
			projectDirPath = "";
			projectRoot = "";
			targets = (
				6DC7FB612774EF9C006F6BB6 /* FitnessApp */,
			);
		};
/* End PBXProject section */

/* Begin PBXResourcesBuildPhase section */
		6DC7FB602774EF9C006F6BB6 /* Resources */ = {
			isa = PBXResourcesBuildPhase;
			buildActionMask = 2147483647;
			files = (
				6DC7FB6D2774EF9D006F6BB6 /* Preview Assets.xcassets in Resources */,
				6DC7FB6A2774EF9D006F6BB6 /* Assets.xcassets in Resources */,
				6DCA36F1277A3C760074974F /* GoogleService-Info.plist in Resources */,
			);
			runOnlyForDeploymentPostprocessing = 0;
		};
/* End PBXResourcesBuildPhase section */

/* Begin PBXSourcesBuildPhase section */
		6DC7FB5E2774EF9C006F6BB6 /* Sources */ = {
			isa = PBXSourcesBuildPhase;
			buildActionMask = 2147483647;
			files = (
				6DA65108278CAD72008C7033 /* TextFieldCustomRoundedStyle.swift in Sources */,
				6D16250C277B8BEF00154D89 /* AuthPublisher.swift in Sources */,
				6D5A333D2774F5CF0087DC86 /* PrimaryButtonStyle.swift in Sources */,
				6DC7FB682774EF9C006F6BB6 /* LandingView.swift in Sources */,
				6D380A182776453000E7E22C /* DropdownItemProtocol.swift in Sources */,
				6DC7FB662774EF9C006F6BB6 /* FitnessAppApp.swift in Sources */,
				6D162505277B7FF700154D89 /* Challenge.swift in Sources */,
				6DA650F2278CA956008C7033 /* LandingViewModel.swift in Sources */,
				6D5A333F2774F6EE0087DC86 /* Color+Extension.swift in Sources */,
				6D380A162776449100E7E22C /* CreateChallengeViewModel.swift in Sources */,
				6DCA36FD277A43AD0074974F /* UserService.swift in Sources */,
				6DA650F4278CA974008C7033 /* LoginSignUpViewModel.swift in Sources */,
				6DA650F6278CA998008C7033 /* ProgressCircleViewModel.swift in Sources */,
				6DA650FF278CAADF008C7033 /* LoginSignupView.swift in Sources */,
				6DA650FD278CAA77008C7033 /* ChallengeItemView.swift in Sources */,
				6D0D1B3C277CD2340052ADD2 /* TabContainerView.swift in Sources */,
				6D0D1B40277CD7A80052ADD2 /* ChallengeListViewModel.swift in Sources */,
				6D0D1B42277CD88A0052ADD2 /* QuerySnapshotPublisher.swift in Sources */,
				6D5A33452775020B0087DC86 /* RemindView.swift in Sources */,
				6D162507277B80AC00154D89 /* ChallengeService.swift in Sources */,
				6DA650F0278CA922008C7033 /* ChallengeItemViewModel.swift in Sources */,
				6D0D1B3E277CD7990052ADD2 /* ChallengeListView.swift in Sources */,
				6DA65103278CAB5E008C7033 /* SettingsView.swift in Sources */,
				6D5A33412774FDE90087DC86 /* CreateView.swift in Sources */,
				6DA65101278CAB08008C7033 /* ProgressCircleView.swift in Sources */,
				6D5A33432774FE290087DC86 /* DropdownView.swift in Sources */,
				6DA650F8278CA9B3008C7033 /* SettingItemViewModel.swift in Sources */,
				6D162509277B855200154D89 /* IncrementError.swift in Sources */,
				6DA650FA278CA9D3008C7033 /* SettingsViewModel.swift in Sources */,
			);
			runOnlyForDeploymentPostprocessing = 0;
		};
/* End PBXSourcesBuildPhase section */

/* Begin XCBuildConfiguration section */
		6DC7FB6E2774EF9D006F6BB6 /* Debug */ = {
			isa = XCBuildConfiguration;
			buildSettings = {
				ALWAYS_SEARCH_USER_PATHS = NO;
				CLANG_ANALYZER_NONNULL = YES;
				CLANG_ANALYZER_NUMBER_OBJECT_CONVERSION = YES_AGGRESSIVE;
				CLANG_CXX_LANGUAGE_STANDARD = "gnu++17";
				CLANG_CXX_LIBRARY = "libc++";
				CLANG_ENABLE_MODULES = YES;
				CLANG_ENABLE_OBJC_ARC = YES;
				CLANG_ENABLE_OBJC_WEAK = YES;
				CLANG_WARN_BLOCK_CAPTURE_AUTORELEASING = YES;
				CLANG_WARN_BOOL_CONVERSION = YES;
				CLANG_WARN_COMMA = YES;
				CLANG_WARN_CONSTANT_CONVERSION = YES;
				CLANG_WARN_DEPRECATED_OBJC_IMPLEMENTATIONS = YES;
				CLANG_WARN_DIRECT_OBJC_ISA_USAGE = YES_ERROR;
				CLANG_WARN_DOCUMENTATION_COMMENTS = YES;
				CLANG_WARN_EMPTY_BODY = YES;
				CLANG_WARN_ENUM_CONVERSION = YES;
				CLANG_WARN_INFINITE_RECURSION = YES;
				CLANG_WARN_INT_CONVERSION = YES;
				CLANG_WARN_NON_LITERAL_NULL_CONVERSION = YES;
				CLANG_WARN_OBJC_IMPLICIT_RETAIN_SELF = YES;
				CLANG_WARN_OBJC_LITERAL_CONVERSION = YES;
				CLANG_WARN_OBJC_ROOT_CLASS = YES_ERROR;
				CLANG_WARN_QUOTED_INCLUDE_IN_FRAMEWORK_HEADER = YES;
				CLANG_WARN_RANGE_LOOP_ANALYSIS = YES;
				CLANG_WARN_STRICT_PROTOTYPES = YES;
				CLANG_WARN_SUSPICIOUS_MOVE = YES;
				CLANG_WARN_UNGUARDED_AVAILABILITY = YES_AGGRESSIVE;
				CLANG_WARN_UNREACHABLE_CODE = YES;
				CLANG_WARN__DUPLICATE_METHOD_MATCH = YES;
				COPY_PHASE_STRIP = NO;
				DEBUG_INFORMATION_FORMAT = dwarf;
				ENABLE_STRICT_OBJC_MSGSEND = YES;
				ENABLE_TESTABILITY = YES;
				GCC_C_LANGUAGE_STANDARD = gnu11;
				GCC_DYNAMIC_NO_PIC = NO;
				GCC_NO_COMMON_BLOCKS = YES;
				GCC_OPTIMIZATION_LEVEL = 0;
				GCC_PREPROCESSOR_DEFINITIONS = (
					"DEBUG=1",
					"$(inherited)",
				);
				GCC_WARN_64_TO_32_BIT_CONVERSION = YES;
				GCC_WARN_ABOUT_RETURN_TYPE = YES_ERROR;
				GCC_WARN_UNDECLARED_SELECTOR = YES;
				GCC_WARN_UNINITIALIZED_AUTOS = YES_AGGRESSIVE;
				GCC_WARN_UNUSED_FUNCTION = YES;
				GCC_WARN_UNUSED_VARIABLE = YES;
				IPHONEOS_DEPLOYMENT_TARGET = 15.2;
				MTL_ENABLE_DEBUG_INFO = INCLUDE_SOURCE;
				MTL_FAST_MATH = YES;
				ONLY_ACTIVE_ARCH = YES;
				SDKROOT = iphoneos;
				SWIFT_ACTIVE_COMPILATION_CONDITIONS = DEBUG;
				SWIFT_OPTIMIZATION_LEVEL = "-Onone";
			};
			name = Debug;
		};
		6DC7FB6F2774EF9D006F6BB6 /* Release */ = {
			isa = XCBuildConfiguration;
			buildSettings = {
				ALWAYS_SEARCH_USER_PATHS = NO;
				CLANG_ANALYZER_NONNULL = YES;
				CLANG_ANALYZER_NUMBER_OBJECT_CONVERSION = YES_AGGRESSIVE;
				CLANG_CXX_LANGUAGE_STANDARD = "gnu++17";
				CLANG_CXX_LIBRARY = "libc++";
				CLANG_ENABLE_MODULES = YES;
				CLANG_ENABLE_OBJC_ARC = YES;
				CLANG_ENABLE_OBJC_WEAK = YES;
				CLANG_WARN_BLOCK_CAPTURE_AUTORELEASING = YES;
				CLANG_WARN_BOOL_CONVERSION = YES;
				CLANG_WARN_COMMA = YES;
				CLANG_WARN_CONSTANT_CONVERSION = YES;
				CLANG_WARN_DEPRECATED_OBJC_IMPLEMENTATIONS = YES;
				CLANG_WARN_DIRECT_OBJC_ISA_USAGE = YES_ERROR;
				CLANG_WARN_DOCUMENTATION_COMMENTS = YES;
				CLANG_WARN_EMPTY_BODY = YES;
				CLANG_WARN_ENUM_CONVERSION = YES;
				CLANG_WARN_INFINITE_RECURSION = YES;
				CLANG_WARN_INT_CONVERSION = YES;
				CLANG_WARN_NON_LITERAL_NULL_CONVERSION = YES;
				CLANG_WARN_OBJC_IMPLICIT_RETAIN_SELF = YES;
				CLANG_WARN_OBJC_LITERAL_CONVERSION = YES;
				CLANG_WARN_OBJC_ROOT_CLASS = YES_ERROR;
				CLANG_WARN_QUOTED_INCLUDE_IN_FRAMEWORK_HEADER = YES;
				CLANG_WARN_RANGE_LOOP_ANALYSIS = YES;
				CLANG_WARN_STRICT_PROTOTYPES = YES;
				CLANG_WARN_SUSPICIOUS_MOVE = YES;
				CLANG_WARN_UNGUARDED_AVAILABILITY = YES_AGGRESSIVE;
				CLANG_WARN_UNREACHABLE_CODE = YES;
				CLANG_WARN__DUPLICATE_METHOD_MATCH = YES;
				COPY_PHASE_STRIP = NO;
				DEBUG_INFORMATION_FORMAT = "dwarf-with-dsym";
				ENABLE_NS_ASSERTIONS = NO;
				ENABLE_STRICT_OBJC_MSGSEND = YES;
				GCC_C_LANGUAGE_STANDARD = gnu11;
				GCC_NO_COMMON_BLOCKS = YES;
				GCC_WARN_64_TO_32_BIT_CONVERSION = YES;
				GCC_WARN_ABOUT_RETURN_TYPE = YES_ERROR;
				GCC_WARN_UNDECLARED_SELECTOR = YES;
				GCC_WARN_UNINITIALIZED_AUTOS = YES_AGGRESSIVE;
				GCC_WARN_UNUSED_FUNCTION = YES;
				GCC_WARN_UNUSED_VARIABLE = YES;
				IPHONEOS_DEPLOYMENT_TARGET = 15.2;
				MTL_ENABLE_DEBUG_INFO = NO;
				MTL_FAST_MATH = YES;
				SDKROOT = iphoneos;
				SWIFT_COMPILATION_MODE = wholemodule;
				SWIFT_OPTIMIZATION_LEVEL = "-O";
				VALIDATE_PRODUCT = YES;
			};
			name = Release;
		};
		6DC7FB712774EF9D006F6BB6 /* Debug */ = {
			isa = XCBuildConfiguration;
			buildSettings = {
				ASSETCATALOG_COMPILER_APPICON_NAME = AppIcon;
				ASSETCATALOG_COMPILER_GLOBAL_ACCENT_COLOR_NAME = AccentColor;
				CODE_SIGN_STYLE = Automatic;
				CURRENT_PROJECT_VERSION = 1;
				DEVELOPMENT_ASSET_PATHS = "\"FitnessApp/Preview Content\"";
				DEVELOPMENT_TEAM = YMPFHSX9UB;
				ENABLE_PREVIEWS = YES;
				GENERATE_INFOPLIST_FILE = YES;
				INFOPLIST_KEY_UIApplicationSceneManifest_Generation = YES;
				INFOPLIST_KEY_UIApplicationSupportsIndirectInputEvents = YES;
				INFOPLIST_KEY_UILaunchScreen_Generation = YES;
				INFOPLIST_KEY_UISupportedInterfaceOrientations_iPad = "UIInterfaceOrientationPortrait UIInterfaceOrientationPortraitUpsideDown UIInterfaceOrientationLandscapeLeft UIInterfaceOrientationLandscapeRight";
				INFOPLIST_KEY_UISupportedInterfaceOrientations_iPhone = "UIInterfaceOrientationPortrait UIInterfaceOrientationLandscapeLeft UIInterfaceOrientationLandscapeRight";
				LD_RUNPATH_SEARCH_PATHS = (
					"$(inherited)",
					"@executable_path/Frameworks",
				);
				MARKETING_VERSION = 1.0;
				PRODUCT_BUNDLE_IDENTIFIER = com.AleksFF.FitnessApp;
				PRODUCT_NAME = "$(TARGET_NAME)";
				SWIFT_EMIT_LOC_STRINGS = YES;
				SWIFT_VERSION = 5.0;
				TARGETED_DEVICE_FAMILY = "1,2";
			};
			name = Debug;
		};
		6DC7FB722774EF9D006F6BB6 /* Release */ = {
			isa = XCBuildConfiguration;
			buildSettings = {
				ASSETCATALOG_COMPILER_APPICON_NAME = AppIcon;
				ASSETCATALOG_COMPILER_GLOBAL_ACCENT_COLOR_NAME = AccentColor;
				CODE_SIGN_STYLE = Automatic;
				CURRENT_PROJECT_VERSION = 1;
				DEVELOPMENT_ASSET_PATHS = "\"FitnessApp/Preview Content\"";
				DEVELOPMENT_TEAM = YMPFHSX9UB;
				ENABLE_PREVIEWS = YES;
				GENERATE_INFOPLIST_FILE = YES;
				INFOPLIST_KEY_UIApplicationSceneManifest_Generation = YES;
				INFOPLIST_KEY_UIApplicationSupportsIndirectInputEvents = YES;
				INFOPLIST_KEY_UILaunchScreen_Generation = YES;
				INFOPLIST_KEY_UISupportedInterfaceOrientations_iPad = "UIInterfaceOrientationPortrait UIInterfaceOrientationPortraitUpsideDown UIInterfaceOrientationLandscapeLeft UIInterfaceOrientationLandscapeRight";
				INFOPLIST_KEY_UISupportedInterfaceOrientations_iPhone = "UIInterfaceOrientationPortrait UIInterfaceOrientationLandscapeLeft UIInterfaceOrientationLandscapeRight";
				LD_RUNPATH_SEARCH_PATHS = (
					"$(inherited)",
					"@executable_path/Frameworks",
				);
				MARKETING_VERSION = 1.0;
				PRODUCT_BUNDLE_IDENTIFIER = com.AleksFF.FitnessApp;
				PRODUCT_NAME = "$(TARGET_NAME)";
				SWIFT_EMIT_LOC_STRINGS = YES;
				SWIFT_VERSION = 5.0;
				TARGETED_DEVICE_FAMILY = "1,2";
			};
			name = Release;
		};
/* End XCBuildConfiguration section */

/* Begin XCConfigurationList section */
		6DC7FB5D2774EF9C006F6BB6 /* Build configuration list for PBXProject "FitnessApp" */ = {
			isa = XCConfigurationList;
			buildConfigurations = (
				6DC7FB6E2774EF9D006F6BB6 /* Debug */,
				6DC7FB6F2774EF9D006F6BB6 /* Release */,
			);
			defaultConfigurationIsVisible = 0;
			defaultConfigurationName = Release;
		};
		6DC7FB702774EF9D006F6BB6 /* Build configuration list for PBXNativeTarget "FitnessApp" */ = {
			isa = XCConfigurationList;
			buildConfigurations = (
				6DC7FB712774EF9D006F6BB6 /* Debug */,
				6DC7FB722774EF9D006F6BB6 /* Release */,
			);
			defaultConfigurationIsVisible = 0;
			defaultConfigurationName = Release;
		};
/* End XCConfigurationList section */

/* Begin XCRemoteSwiftPackageReference section */
		6DCA36F2277A3E2A0074974F /* XCRemoteSwiftPackageReference "firebase-ios-sdk" */ = {
			isa = XCRemoteSwiftPackageReference;
			repositoryURL = "https://github.com/firebase/firebase-ios-sdk.git";
			requirement = {
				branch = master;
				kind = branch;
			};
		};
/* End XCRemoteSwiftPackageReference section */

/* Begin XCSwiftPackageProductDependency section */
		6DCA36F3277A3E2A0074974F /* FirebaseAnalytics */ = {
			isa = XCSwiftPackageProductDependency;
			package = 6DCA36F2277A3E2A0074974F /* XCRemoteSwiftPackageReference "firebase-ios-sdk" */;
			productName = FirebaseAnalytics;
		};
		6DCA36F5277A3E2A0074974F /* FirebaseAuth */ = {
			isa = XCSwiftPackageProductDependency;
			package = 6DCA36F2277A3E2A0074974F /* XCRemoteSwiftPackageReference "firebase-ios-sdk" */;
			productName = FirebaseAuth;
		};
		6DCA36F7277A3E2A0074974F /* FirebaseFirestore */ = {
			isa = XCSwiftPackageProductDependency;
			package = 6DCA36F2277A3E2A0074974F /* XCRemoteSwiftPackageReference "firebase-ios-sdk" */;
			productName = FirebaseFirestore;
		};
		6DCA36F9277A3E2A0074974F /* FirebaseFirestoreSwift-Beta */ = {
			isa = XCSwiftPackageProductDependency;
			package = 6DCA36F2277A3E2A0074974F /* XCRemoteSwiftPackageReference "firebase-ios-sdk" */;
			productName = "FirebaseFirestoreSwift-Beta";
		};
/* End XCSwiftPackageProductDependency section */
	};
	rootObject = 6DC7FB5A2774EF9C006F6BB6 /* Project object */;
}
